
Microsoft Visual Studio Solution File, Format Version 12.00
# Visual Studio Version 17
VisualStudioVersion = 17.8.34525.116
MinimumVisualStudioVersion = 10.0.40219.1
Project("{9A19103F-16F7-4668-BE54-9A1E7A4F7556}") = "TimeQuestLogDesktopApp", "TimeQuestLogDesktopApp\TimeQuestLogDesktopApp.csproj", "{27786C9D-5E4F-4A53-88F0-3B98A829EFD0}"
EndProject
Global
	GlobalSection(SolutionConfigurationPlatforms) = preSolution
		Debug|Any CPU = Debug|Any CPU
		Release|Any CPU = Release|Any CPU
	EndGlobalSection
	GlobalSection(ProjectConfigurationPlatforms) = postSolution
		{27786C9D-5E4F-4A53-88F0-3B98A829EFD0}.Debug|Any CPU.ActiveCfg = Debug|Any CPU
		{27786C9D-5E4F-4A53-88F0-3B98A829EFD0}.Debug|Any CPU.Build.0 = Debug|Any CPU
		{27786C9D-5E4F-4A53-88F0-3B98A829EFD0}.Release|Any CPU.ActiveCfg = Release|Any CPU
		{27786C9D-5E4F-4A53-88F0-3B98A829EFD0}.Release|Any CPU.Build.0 = Release|Any CPU
	EndGlobalSection
	GlobalSection(SolutionProperties) = preSolution
		HideSolutionNode = FALSE
	EndGlobalSection
	GlobalSection(ExtensibilityGlobals) = postSolution
		SolutionGuid = {07CFC80A-8782-4080-BBE7-4D6CF79DC064}
	EndGlobalSection
EndGlobal
